{
  "name": "planets-project",
  "version": "1.0.0",
  "lockfileVersion": 2,
  "requires": true,
  "packages": {
    "": {
      "name": "planets-project",
      "version": "1.0.0",
      "license": "ISC",
      "dependencies": {
        "csv-parse": "^5.2.1"
      }
    },
    "node_modules/csv-parse": {
      "version": "5.2.1",
      "resolved": "https://registry.npmjs.org/csv-parse/-/csv-parse-5.2.1.tgz",
      "integrity": "sha512-6JA4UDz7Vvs66ZZWUxR0uD6BR6Oh07rRaKjsZpoqcI7vDdoNpCHgJ58QpAZ8si/y7yK2qTeqOK+ZhrVsR28icQ=="
    }
  },
  "dependencies": {
    "csv-parse": {
      "version": "5.2.1",
      "resolved": "https://registry.npmjs.org/csv-parse/-/csv-parse-5.2.1.tgz",
      "integrity": "sha512-6JA4UDz7Vvs66ZZWUxR0uD6BR6Oh07rRaKjsZpoqcI7vDdoNpCHgJ58QpAZ8si/y7yK2qTeqOK+ZhrVsR28icQ=="
    }
  }
}
